// !$*UTF8*$!
{
	archiveVersion = 1;
	classes = {
	};
	objectVersion = 46;
	objects = {

/* Begin PBXBuildFile section */
		71482493DCE55D5FF373EA29 /* libPods.a in Frameworks */ = {isa = PBXBuildFile; fileRef = 5689E18AECD8393A86CFFEC4 /* libPods.a */; };
		AC50A8C81B552B9400F32EA5 /* AppDelegate.swift in Sources */ = {isa = PBXBuildFile; fileRef = AC50A8C71B552B9400F32EA5 /* AppDelegate.swift */; };
		AC50A8CA1B552B9400F32EA5 /* ViewController.swift in Sources */ = {isa = PBXBuildFile; fileRef = AC50A8C91B552B9400F32EA5 /* ViewController.swift */; };
		AC50A8CD1B552B9400F32EA5 /* Main.storyboard in Resources */ = {isa = PBXBuildFile; fileRef = AC50A8CB1B552B9400F32EA5 /* Main.storyboard */; };
		AC50A8CF1B552B9400F32EA5 /* Images.xcassets in Resources */ = {isa = PBXBuildFile; fileRef = AC50A8CE1B552B9400F32EA5 /* Images.xcassets */; };
		AC50A8D21B552B9400F32EA5 /* LaunchScreen.xib in Resources */ = {isa = PBXBuildFile; fileRef = AC50A8D01B552B9400F32EA5 /* LaunchScreen.xib */; };
		AC50A8DE1B552B9400F32EA5 /* ApiTesterSwiftTests.swift in Sources */ = {isa = PBXBuildFile; fileRef = AC50A8DD1B552B9400F32EA5 /* ApiTesterSwiftTests.swift */; };
		AC50A8EC1B552DEB00F32EA5 /* NSString+Encoding.m in Sources */ = {isa = PBXBuildFile; fileRef = AC50A8EB1B552DEB00F32EA5 /* NSString+Encoding.m */; };
/* End PBXBuildFile section */

/* Begin PBXContainerItemProxy section */
		AC50A8D81B552B9400F32EA5 /* PBXContainerItemProxy */ = {
			isa = PBXContainerItemProxy;
			containerPortal = AC50A8BA1B552B9400F32EA5 /* Project object */;
			proxyType = 1;
			remoteGlobalIDString = AC50A8C11B552B9400F32EA5;
			remoteInfo = ApiTesterSwift;
		};
/* End PBXContainerItemProxy section */

/* Begin PBXFileReference section */
		18AF7500A53D5416C489E881 /* Pods.debug.xcconfig */ = {isa = PBXFileReference; includeInIndex = 1; lastKnownFileType = text.xcconfig; name = Pods.debug.xcconfig; path = "Pods/Target Support Files/Pods/Pods.debug.xcconfig"; sourceTree = "<group>"; };
		29A2BD28A8CEAFF91B05FD62 /* Pods.release.xcconfig */ = {isa = PBXFileReference; includeInIndex = 1; lastKnownFileType = text.xcconfig; name = Pods.release.xcconfig; path = "Pods/Target Support Files/Pods/Pods.release.xcconfig"; sourceTree = "<group>"; };
		5689E18AECD8393A86CFFEC4 /* libPods.a */ = {isa = PBXFileReference; explicitFileType = archive.ar; includeInIndex = 0; path = libPods.a; sourceTree = BUILT_PRODUCTS_DIR; };
		AC50A8C21B552B9400F32EA5 /* ApiTesterSwift.app */ = {isa = PBXFileReference; explicitFileType = wrapper.application; includeInIndex = 0; path = ApiTesterSwift.app; sourceTree = BUILT_PRODUCTS_DIR; };
		AC50A8C61B552B9400F32EA5 /* Info.plist */ = {isa = PBXFileReference; lastKnownFileType = text.plist.xml; path = Info.plist; sourceTree = "<group>"; };
		AC50A8C71B552B9400F32EA5 /* AppDelegate.swift */ = {isa = PBXFileReference; lastKnownFileType = sourcecode.swift; path = AppDelegate.swift; sourceTree = "<group>"; };
		AC50A8C91B552B9400F32EA5 /* ViewController.swift */ = {isa = PBXFileReference; lastKnownFileType = sourcecode.swift; path = ViewController.swift; sourceTree = "<group>"; };
		AC50A8CC1B552B9400F32EA5 /* Base */ = {isa = PBXFileReference; lastKnownFileType = file.storyboard; name = Base; path = Base.lproj/Main.storyboard; sourceTree = "<group>"; };
		AC50A8CE1B552B9400F32EA5 /* Images.xcassets */ = {isa = PBXFileReference; lastKnownFileType = folder.assetcatalog; path = Images.xcassets; sourceTree = "<group>"; };
		AC50A8D11B552B9400F32EA5 /* Base */ = {isa = PBXFileReference; lastKnownFileType = file.xib; name = Base; path = Base.lproj/LaunchScreen.xib; sourceTree = "<group>"; };
		AC50A8D71B552B9400F32EA5 /* ApiTesterSwiftTests.xctest */ = {isa = PBXFileReference; explicitFileType = wrapper.cfbundle; includeInIndex = 0; path = ApiTesterSwiftTests.xctest; sourceTree = BUILT_PRODUCTS_DIR; };
		AC50A8DC1B552B9400F32EA5 /* Info.plist */ = {isa = PBXFileReference; lastKnownFileType = text.plist.xml; path = Info.plist; sourceTree = "<group>"; };
		AC50A8DD1B552B9400F32EA5 /* ApiTesterSwiftTests.swift */ = {isa = PBXFileReference; lastKnownFileType = sourcecode.swift; path = ApiTesterSwiftTests.swift; sourceTree = "<group>"; };
		AC50A8E91B552DEB00F32EA5 /* ApiTesterSwift-Bridging-Header.h */ = {isa = PBXFileReference; lastKnownFileType = sourcecode.c.h; path = "ApiTesterSwift-Bridging-Header.h"; sourceTree = "<group>"; };
		AC50A8EA1B552DEB00F32EA5 /* NSString+Encoding.h */ = {isa = PBXFileReference; fileEncoding = 4; lastKnownFileType = sourcecode.c.h; path = "NSString+Encoding.h"; sourceTree = "<group>"; };
		AC50A8EB1B552DEB00F32EA5 /* NSString+Encoding.m */ = {isa = PBXFileReference; fileEncoding = 4; lastKnownFileType = sourcecode.c.objc; path = "NSString+Encoding.m"; sourceTree = "<group>"; };
/* End PBXFileReference section */

/* Begin PBXFrameworksBuildPhase section */
		AC50A8BF1B552B9400F32EA5 /* Frameworks */ = {
			isa = PBXFrameworksBuildPhase;
			buildActionMask = 2147483647;
			files = (
				71482493DCE55D5FF373EA29 /* libPods.a in Frameworks */,
			);
			runOnlyForDeploymentPostprocessing = 0;
		};
		AC50A8D41B552B9400F32EA5 /* Frameworks */ = {
			isa = PBXFrameworksBuildPhase;
			buildActionMask = 2147483647;
			files = (
			);
			runOnlyForDeploymentPostprocessing = 0;
		};
/* End PBXFrameworksBuildPhase section */

/* Begin PBXGroup section */
		709CCB638B8794A4AC2B694C /* Pods */ = {
			isa = PBXGroup;
			children = (
				18AF7500A53D5416C489E881 /* Pods.debug.xcconfig */,
				29A2BD28A8CEAFF91B05FD62 /* Pods.release.xcconfig */,
			);
			name = Pods;
			sourceTree = "<group>";
		};
		A51C0DA9984FBD4A45E91F79 /* Frameworks */ = {
			isa = PBXGroup;
			children = (
				5689E18AECD8393A86CFFEC4 /* libPods.a */,
			);
			name = Frameworks;
			sourceTree = "<group>";
		};
		AC50A8B91B552B9400F32EA5 = {
			isa = PBXGroup;
			children = (
				AC50A8EA1B552DEB00F32EA5 /* NSString+Encoding.h */,
				AC50A8EB1B552DEB00F32EA5 /* NSString+Encoding.m */,
				AC50A8C41B552B9400F32EA5 /* ApiTesterSwift */,
				AC50A8DA1B552B9400F32EA5 /* ApiTesterSwiftTests */,
				AC50A8C31B552B9400F32EA5 /* Products */,
				709CCB638B8794A4AC2B694C /* Pods */,
				A51C0DA9984FBD4A45E91F79 /* Frameworks */,
				AC50A8E91B552DEB00F32EA5 /* ApiTesterSwift-Bridging-Header.h */,
			);
			sourceTree = "<group>";
		};
		AC50A8C31B552B9400F32EA5 /* Products */ = {
			isa = PBXGroup;
			children = (
				AC50A8C21B552B9400F32EA5 /* ApiTesterSwift.app */,
				AC50A8D71B552B9400F32EA5 /* ApiTesterSwiftTests.xctest */,
			);
			name = Products;
			sourceTree = "<group>";
		};
		AC50A8C41B552B9400F32EA5 /* ApiTesterSwift */ = {
			isa = PBXGroup;
			children = (
				AC50A8C71B552B9400F32EA5 /* AppDelegate.swift */,
				AC50A8C91B552B9400F32EA5 /* ViewController.swift */,
				AC50A8CB1B552B9400F32EA5 /* Main.storyboard */,
				AC50A8CE1B552B9400F32EA5 /* Images.xcassets */,
				AC50A8D01B552B9400F32EA5 /* LaunchScreen.xib */,
				AC50A8C51B552B9400F32EA5 /* Supporting Files */,
			);
			path = ApiTesterSwift;
			sourceTree = "<group>";
		};
		AC50A8C51B552B9400F32EA5 /* Supporting Files */ = {
			isa = PBXGroup;
			children = (
				AC50A8C61B552B9400F32EA5 /* Info.plist */,
			);
			name = "Supporting Files";
			sourceTree = "<group>";
		};
		AC50A8DA1B552B9400F32EA5 /* ApiTesterSwiftTests */ = {
			isa = PBXGroup;
			children = (
				AC50A8DD1B552B9400F32EA5 /* ApiTesterSwiftTests.swift */,
				AC50A8DB1B552B9400F32EA5 /* Supporting Files */,
			);
			path = ApiTesterSwiftTests;
			sourceTree = "<group>";
		};
		AC50A8DB1B552B9400F32EA5 /* Supporting Files */ = {
			isa = PBXGroup;
			children = (
				AC50A8DC1B552B9400F32EA5 /* Info.plist */,
			);
			name = "Supporting Files";
			sourceTree = "<group>";
		};
/* End PBXGroup section */

/* Begin PBXNativeTarget section */
		AC50A8C11B552B9400F32EA5 /* ApiTesterSwift */ = {
			isa = PBXNativeTarget;
			buildConfigurationList = AC50A8E11B552B9400F32EA5 /* Build configuration list for PBXNativeTarget "ApiTesterSwift" */;
			buildPhases = (
				E4CB5DAEA30370C80B976F05 /* Check Pods Manifest.lock */,
				AC50A8BE1B552B9400F32EA5 /* Sources */,
				AC50A8BF1B552B9400F32EA5 /* Frameworks */,
				AC50A8C01B552B9400F32EA5 /* Resources */,
				27249620E216AEDF92DEC2DB /* Copy Pods Resources */,
			);
			buildRules = (
			);
			dependencies = (
			);
			name = ApiTesterSwift;
			productName = ApiTesterSwift;
			productReference = AC50A8C21B552B9400F32EA5 /* ApiTesterSwift.app */;
			productType = "com.apple.product-type.application";
		};
		AC50A8D61B552B9400F32EA5 /* ApiTesterSwiftTests */ = {
			isa = PBXNativeTarget;
			buildConfigurationList = AC50A8E41B552B9400F32EA5 /* Build configuration list for PBXNativeTarget "ApiTesterSwiftTests" */;
			buildPhases = (
				AC50A8D31B552B9400F32EA5 /* Sources */,
				AC50A8D41B552B9400F32EA5 /* Frameworks */,
				AC50A8D51B552B9400F32EA5 /* Resources */,
			);
			buildRules = (
			);
			dependencies = (
				AC50A8D91B552B9400F32EA5 /* PBXTargetDependency */,
			);
			name = ApiTesterSwiftTests;
			productName = ApiTesterSwiftTests;
			productReference = AC50A8D71B552B9400F32EA5 /* ApiTesterSwiftTests.xctest */;
			productType = "com.apple.product-type.bundle.unit-test";
		};
/* End PBXNativeTarget section */

/* Begin PBXProject section */
		AC50A8BA1B552B9400F32EA5 /* Project object */ = {
			isa = PBXProject;
			attributes = {
				LastSwiftMigration = 0700;
				LastSwiftUpdateCheck = 0700;
				LastUpgradeCheck = 0630;
				ORGANIZATIONNAME = punchh;
				TargetAttributes = {
					AC50A8C11B552B9400F32EA5 = {
						CreatedOnToolsVersion = 6.3.2;
					};
					AC50A8D61B552B9400F32EA5 = {
						CreatedOnToolsVersion = 6.3.2;
						TestTargetID = AC50A8C11B552B9400F32EA5;
					};
				};
			};
			buildConfigurationList = AC50A8BD1B552B9400F32EA5 /* Build configuration list for PBXProject "ApiTesterSwift" */;
			compatibilityVersion = "Xcode 3.2";
			developmentRegion = English;
			hasScannedForEncodings = 0;
			knownRegions = (
				en,
				Base,
			);
			mainGroup = AC50A8B91B552B9400F32EA5;
			productRefGroup = AC50A8C31B552B9400F32EA5 /* Products */;
			projectDirPath = "";
			projectRoot = "";
			targets = (
				AC50A8C11B552B9400F32EA5 /* ApiTesterSwift */,
				AC50A8D61B552B9400F32EA5 /* ApiTesterSwiftTests */,
			);
		};
/* End PBXProject section */

/* Begin PBXResourcesBuildPhase section */
		AC50A8C01B552B9400F32EA5 /* Resources */ = {
			isa = PBXResourcesBuildPhase;
			buildActionMask = 2147483647;
			files = (
				AC50A8CD1B552B9400F32EA5 /* Main.storyboard in Resources */,
				AC50A8D21B552B9400F32EA5 /* LaunchScreen.xib in Resources */,
				AC50A8CF1B552B9400F32EA5 /* Images.xcassets in Resources */,
			);
			runOnlyForDeploymentPostprocessing = 0;
		};
		AC50A8D51B552B9400F32EA5 /* Resources */ = {
			isa = PBXResourcesBuildPhase;
			buildActionMask = 2147483647;
			files = (
			);
			runOnlyForDeploymentPostprocessing = 0;
		};
/* End PBXResourcesBuildPhase section */

/* Begin PBXShellScriptBuildPhase section */
		27249620E216AEDF92DEC2DB /* Copy Pods Resources */ = {
			isa = PBXShellScriptBuildPhase;
			buildActionMask = 2147483647;
			files = (
			);
			inputPaths = (
			);
			name = "Copy Pods Resources";
			outputPaths = (
			);
			runOnlyForDeploymentPostprocessing = 0;
			shellPath = /bin/sh;
			shellScript = "\"${SRCROOT}/Pods/Target Support Files/Pods/Pods-resources.sh\"\n";
			showEnvVarsInLog = 0;
		};
		E4CB5DAEA30370C80B976F05 /* Check Pods Manifest.lock */ = {
			isa = PBXShellScriptBuildPhase;
			buildActionMask = 2147483647;
			files = (
			);
			inputPaths = (
			);
			name = "Check Pods Manifest.lock";
			outputPaths = (
			);
			runOnlyForDeploymentPostprocessing = 0;
			shellPath = /bin/sh;
			shellScript = "diff \"${PODS_ROOT}/../Podfile.lock\" \"${PODS_ROOT}/Manifest.lock\" > /dev/null\nif [[ $? != 0 ]] ; then\n    cat << EOM\nerror: The sandbox is not in sync with the Podfile.lock. Run 'pod install' or update your CocoaPods installation.\nEOM\n    exit 1\nfi\n";
			showEnvVarsInLog = 0;
		};
/* End PBXShellScriptBuildPhase section */

/* Begin PBXSourcesBuildPhase section */
		AC50A8BE1B552B9400F32EA5 /* Sources */ = {
			isa = PBXSourcesBuildPhase;
			buildActionMask = 2147483647;
			files = (
				AC50A8EC1B552DEB00F32EA5 /* NSString+Encoding.m in Sources */,
				AC50A8CA1B552B9400F32EA5 /* ViewController.swift in Sources */,
				AC50A8C81B552B9400F32EA5 /* AppDelegate.swift in Sources */,
			);
			runOnlyForDeploymentPostprocessing = 0;
		};
		AC50A8D31B552B9400F32EA5 /* Sources */ = {
			isa = PBXSourcesBuildPhase;
			buildActionMask = 2147483647;
			files = (
				AC50A8DE1B552B9400F32EA5 /* ApiTesterSwiftTests.swift in Sources */,
			);
			runOnlyForDeploymentPostprocessing = 0;
		};
/* End PBXSourcesBuildPhase section */

/* Begin PBXTargetDependency section */
		AC50A8D91B552B9400F32EA5 /* PBXTargetDependency */ = {
			isa = PBXTargetDependency;
			target = AC50A8C11B552B9400F32EA5 /* ApiTesterSwift */;
			targetProxy = AC50A8D81B552B9400F32EA5 /* PBXContainerItemProxy */;
		};
/* End PBXTargetDependency section */

/* Begin PBXVariantGroup section */
		AC50A8CB1B552B9400F32EA5 /* Main.storyboard */ = {
			isa = PBXVariantGroup;
			children = (
				AC50A8CC1B552B9400F32EA5 /* Base */,
			);
			name = Main.storyboard;
			sourceTree = "<group>";
		};
		AC50A8D01B552B9400F32EA5 /* LaunchScreen.xib */ = {
			isa = PBXVariantGroup;
			children = (
				AC50A8D11B552B9400F32EA5 /* Base */,
			);
			name = LaunchScreen.xib;
			sourceTree = "<group>";
		};
/* End PBXVariantGroup section */

/* Begin XCBuildConfiguration section */
		AC50A8DF1B552B9400F32EA5 /* Debug */ = {
			isa = XCBuildConfiguration;
			buildSettings = {
				ALWAYS_SEARCH_USER_PATHS = NO;
				CLANG_CXX_LANGUAGE_STANDARD = "gnu++0x";
				CLANG_CXX_LIBRARY = "libc++";
				CLANG_ENABLE_MODULES = YES;
				CLANG_ENABLE_OBJC_ARC = YES;
				CLANG_WARN_BOOL_CONVERSION = YES;
				CLANG_WARN_CONSTANT_CONVERSION = YES;
				CLANG_WARN_DIRECT_OBJC_ISA_USAGE = YES_ERROR;
				CLANG_WARN_EMPTY_BODY = YES;
				CLANG_WARN_ENUM_CONVERSION = YES;
				CLANG_WARN_INT_CONVERSION = YES;
				CLANG_WARN_OBJC_ROOT_CLASS = YES_ERROR;
				CLANG_WARN_UNREACHABLE_CODE = YES;
				CLANG_WARN__DUPLICATE_METHOD_MATCH = YES;
				"CODE_SIGN_IDENTITY[sdk=iphoneos*]" = "iPhone Developer";
				COPY_PHASE_STRIP = NO;
				DEBUG_INFORMATION_FORMAT = "dwarf-with-dsym";
				ENABLE_STRICT_OBJC_MSGSEND = YES;
				GCC_C_LANGUAGE_STANDARD = gnu99;
				GCC_DYNAMIC_NO_PIC = NO;
				GCC_NO_COMMON_BLOCKS = YES;
				GCC_OPTIMIZATION_LEVEL = 0;
				GCC_PREPROCESSOR_DEFINITIONS = (
					"DEBUG=1",
					"$(inherited)",
				);
				GCC_SYMBOLS_PRIVATE_EXTERN = NO;
				GCC_WARN_64_TO_32_BIT_CONVERSION = YES;
				GCC_WARN_ABOUT_RETURN_TYPE = YES_ERROR;
				GCC_WARN_UNDECLARED_SELECTOR = YES;
				GCC_WARN_UNINITIALIZED_AUTOS = YES_AGGRESSIVE;
				GCC_WARN_UNUSED_FUNCTION = YES;
				GCC_WARN_UNUSED_VARIABLE = YES;
				IPHONEOS_DEPLOYMENT_TARGET = 8.3;
				MTL_ENABLE_DEBUG_INFO = YES;
				ONLY_ACTIVE_ARCH = YES;
				SDKROOT = iphoneos;
				SWIFT_OPTIMIZATION_LEVEL = "-Onone";
				TARGETED_DEVICE_FAMILY = "1,2";
			};
			name = Debug;
		};
		AC50A8E01B552B9400F32EA5 /* Release */ = {
			isa = XCBuildConfiguration;
			buildSettings = {
				ALWAYS_SEARCH_USER_PATHS = NO;
				CLANG_CXX_LANGUAGE_STANDARD = "gnu++0x";
				CLANG_CXX_LIBRARY = "libc++";
				CLANG_ENABLE_MODULES = YES;
				CLANG_ENABLE_OBJC_ARC = YES;
				CLANG_WARN_BOOL_CONVERSION = YES;
				CLANG_WARN_CONSTANT_CONVERSION = YES;
				CLANG_WARN_DIRECT_OBJC_ISA_USAGE = YES_ERROR;
				CLANG_WARN_EMPTY_BODY = YES;
				CLANG_WARN_ENUM_CONVERSION = YES;
				CLANG_WARN_INT_CONVERSION = YES;
				CLANG_WARN_OBJC_ROOT_CLASS = YES_ERROR;
				CLANG_WARN_UNREACHABLE_CODE = YES;
				CLANG_WARN__DUPLICATE_METHOD_MATCH = YES;
				"CODE_SIGN_IDENTITY[sdk=iphoneos*]" = "iPhone Developer";
				COPY_PHASE_STRIP = NO;
				DEBUG_INFORMATION_FORMAT = "dwarf-with-dsym";
				ENABLE_NS_ASSERTIONS = NO;
				ENABLE_STRICT_OBJC_MSGSEND = YES;
				GCC_C_LANGUAGE_STANDARD = gnu99;
				GCC_NO_COMMON_BLOCKS = YES;
				GCC_WARN_64_TO_32_BIT_CONVERSION = YES;
				GCC_WARN_ABOUT_RETURN_TYPE = YES_ERROR;
				GCC_WARN_UNDECLARED_SELECTOR = YES;
				GCC_WARN_UNINITIALIZED_AUTOS = YES_AGGRESSIVE;
				GCC_WARN_UNUSED_FUNCTION = YES;
				GCC_WARN_UNUSED_VARIABLE = YES;
				IPHONEOS_DEPLOYMENT_TARGET = 8.3;
				MTL_ENABLE_DEBUG_INFO = NO;
				SDKROOT = iphoneos;
				TARGETED_DEVICE_FAMILY = "1,2";
				VALIDATE_PRODUCT = YES;
			};
			name = Release;
		};
		AC50A8E21B552B9400F32EA5 /* Debug */ = {
			isa = XCBuildConfiguration;
			baseConfigurationReference = 18AF7500A53D5416C489E881 /* Pods.debug.xcconfig */;
			buildSettings = {
				ASSETCATALOG_COMPILER_APPICON_NAME = AppIcon;
				CLANG_ENABLE_MODULES = YES;
				INFOPLIST_FILE = ApiTesterSwift/Info.plist;
				IPHONEOS_DEPLOYMENT_TARGET = 7.0;
				LD_RUNPATH_SEARCH_PATHS = "$(inherited) @executable_path/Frameworks";
				PRODUCT_NAME = "$(TARGET_NAME)";
				SWIFT_OBJC_BRIDGING_HEADER = "ApiTesterSwift-Bridging-Header.h";
				SWIFT_OPTIMIZATION_LEVEL = "-Onone";
			};
			name = Debug;
		};
		AC50A8E31B552B9400F32EA5 /* Release */ = {
			isa = XCBuildConfiguration;
			baseConfigurationReference = 29A2BD28A8CEAFF91B05FD62 /* Pods.release.xcconfig */;
			buildSettings = {
				ASSETCATALOG_COMPILER_APPICON_NAME = AppIcon;
				CLANG_ENABLE_MODULES = YES;
				INFOPLIST_FILE = ApiTesterSwift/Info.plist;
				IPHONEOS_DEPLOYMENT_TARGET = 7.0;
				LD_RUNPATH_SEARCH_PATHS = "$(inherited) @executable_path/Frameworks";
				PRODUCT_NAME = "$(TARGET_NAME)";
				SWIFT_OBJC_BRIDGING_HEADER = "ApiTesterSwift-Bridging-Header.h";
			};
			name = Release;
		};
		AC50A8E51B552B9400F32EA5 /* Debug */ = {
			isa = XCBuildConfiguration;
			buildSettings = {
				BUNDLE_LOADER = "$(TEST_HOST)";
				FRAMEWORK_SEARCH_PATHS = (
					"$(SDKROOT)/Developer/Library/Frameworks",
					"$(inherited)",
				);
				GCC_PREPROCESSOR_DEFINITIONS = (
					"DEBUG=1",
					"$(inherited)",
				);
				INFOPLIST_FILE = ApiTesterSwiftTests/Info.plist;
				LD_RUNPATH_SEARCH_PATHS = "$(inherited) @executable_path/Frameworks @loader_path/Frameworks";
				PRODUCT_NAME = "$(TARGET_NAME)";
				TEST_HOST = "$(BUILT_PRODUCTS_DIR)/ApiTesterSwift.app/ApiTesterSwift";
			};
			name = Debug;
		};
		AC50A8E61B552B9400F32EA5 /* Release */ = {
			isa = XCBuildConfiguration;
			buildSettings = {
				BUNDLE_LOADER = "$(TEST_HOST)";
				FRAMEWORK_SEARCH_PATHS = (
					"$(SDKROOT)/Developer/Library/Frameworks",
					"$(inherited)",
				);
				INFOPLIST_FILE = ApiTesterSwiftTests/Info.plist;
				LD_RUNPATH_SEARCH_PATHS = "$(inherited) @executable_path/Frameworks @loader_path/Frameworks";
				PRODUCT_NAME = "$(TARGET_NAME)";
				TEST_HOST = "$(BUILT_PRODUCTS_DIR)/ApiTesterSwift.app/ApiTesterSwift";
			};
			name = Release;
		};
/* End XCBuildConfiguration section */

/* Begin XCConfigurationList section */
		AC50A8BD1B552B9400F32EA5 /* Build configuration list for PBXProject "ApiTesterSwift" */ = {
			isa = XCConfigurationList;
			buildConfigurations = (
				AC50A8DF1B552B9400F32EA5 /* Debug */,
				AC50A8E01B552B9400F32EA5 /* Release */,
			);
			defaultConfigurationIsVisible = 0;
			defaultConfigurationName = Release;
		};
		AC50A8E11B552B9400F32EA5 /* Build configuration list for PBXNativeTarget "ApiTesterSwift" */ = {
			isa = XCConfigurationList;
			buildConfigurations = (
				AC50A8E21B552B9400F32EA5 /* Debug */,
				AC50A8E31B552B9400F32EA5 /* Release */,
			);
			defaultConfigurationIsVisible = 0;
			defaultConfigurationName = Release;
		};
		AC50A8E41B552B9400F32EA5 /* Build configuration list for PBXNativeTarget "ApiTesterSwiftTests" */ = {
			isa = XCConfigurationList;
			buildConfigurations = (
				AC50A8E51B552B9400F32EA5 /* Debug */,
				AC50A8E61B552B9400F32EA5 /* Release */,
			);
			defaultConfigurationIsVisible = 0;
			defaultConfigurationName = Release;
		};
/* End XCConfigurationList section */
	};
	rootObject = AC50A8BA1B552B9400F32EA5 /* Project object */;
}
